
Microsoft Visual Studio Solution File, Format Version 12.00
# Visual Studio Version 17
VisualStudioVersion = 17.0.31903.59
MinimumVisualStudioVersion = 10.0.40219.1
Project("{2150E333-8FDC-42A3-9474-1A3956D46DE8}") = "src", "src", "{827E0CD3-B72D-47B6-A68D-7590B98EB39B}"
EndProject
Project("{FAE04EC0-301F-11D3-BF4B-00C04F79EFBC}") = "Italbytz.ComputingSystems.Abstractions", "src\Italbytz.ComputingSystems.Abstractions\Italbytz.ComputingSystems.Abstractions.csproj", "{EEDA9FC2-8781-4C4E-B9A4-A52162AB5979}"
EndProject
Project("{FAE04EC0-301F-11D3-BF4B-00C04F79EFBC}") = "Italbytz.ComputingSystems", "src\Italbytz.ComputingSystems\Italbytz.ComputingSystems.csproj", "{1F2E6C68-5FE7-452E-996C-E8091343C65D}"
EndProject
Project("{2150E333-8FDC-42A3-9474-1A3956D46DE8}") = "tests", "tests", "{0AB3BF05-4346-4AA6-1389-037BE0695223}"
EndProject
Project("{FAE04EC0-301F-11D3-BF4B-00C04F79EFBC}") = "Italbytz.Systems.Tests", "tests\Italbytz.Systems.Tests\Italbytz.Systems.Tests.csproj", "{50B6E910-F9EC-4BBB-9FA4-DA4E7A092D19}"
EndProject
Project("{FAE04EC0-301F-11D3-BF4B-00C04F79EFBC}") = "Italbytz.Networking.Abstractions", "src\Italbytz.Networking.Abstractions\Italbytz.Networking.Abstractions.csproj", "{472D34F0-815E-4BEB-AFDF-307220524B8D}"
EndProject
Project("{FAE04EC0-301F-11D3-BF4B-00C04F79EFBC}") = "Italbytz.Networking", "src\Italbytz.Networking\Italbytz.Networking.csproj", "{9335F6AE-4845-4D17-9E2D-9B3CA048E471}"
EndProject
Project("{FAE04EC0-301F-11D3-BF4B-00C04F79EFBC}") = "Italbytz.Networking.Resources", "src\Italbytz.Networking.Resources\Italbytz.Networking.Resources.csproj", "{C370E3A9-5C19-4230-AAD1-D5CB26F5B358}"
EndProject
Global
	GlobalSection(SolutionConfigurationPlatforms) = preSolution
		Debug|Any CPU = Debug|Any CPU
		Debug|x64 = Debug|x64
		Debug|x86 = Debug|x86
		Release|Any CPU = Release|Any CPU
		Release|x64 = Release|x64
		Release|x86 = Release|x86
	EndGlobalSection
	GlobalSection(ProjectConfigurationPlatforms) = postSolution
		{EEDA9FC2-8781-4C4E-B9A4-A52162AB5979}.Debug|Any CPU.ActiveCfg = Debug|Any CPU
		{EEDA9FC2-8781-4C4E-B9A4-A52162AB5979}.Debug|Any CPU.Build.0 = Debug|Any CPU
		{EEDA9FC2-8781-4C4E-B9A4-A52162AB5979}.Debug|x64.ActiveCfg = Debug|Any CPU
		{EEDA9FC2-8781-4C4E-B9A4-A52162AB5979}.Debug|x64.Build.0 = Debug|Any CPU
		{EEDA9FC2-8781-4C4E-B9A4-A52162AB5979}.Debug|x86.ActiveCfg = Debug|Any CPU
		{EEDA9FC2-8781-4C4E-B9A4-A52162AB5979}.Debug|x86.Build.0 = Debug|Any CPU
		{EEDA9FC2-8781-4C4E-B9A4-A52162AB5979}.Release|Any CPU.ActiveCfg = Release|Any CPU
		{EEDA9FC2-8781-4C4E-B9A4-A52162AB5979}.Release|Any CPU.Build.0 = Release|Any CPU
		{EEDA9FC2-8781-4C4E-B9A4-A52162AB5979}.Release|x64.ActiveCfg = Release|Any CPU
		{EEDA9FC2-8781-4C4E-B9A4-A52162AB5979}.Release|x64.Build.0 = Release|Any CPU
		{EEDA9FC2-8781-4C4E-B9A4-A52162AB5979}.Release|x86.ActiveCfg = Release|Any CPU
		{EEDA9FC2-8781-4C4E-B9A4-A52162AB5979}.Release|x86.Build.0 = Release|Any CPU
		{1F2E6C68-5FE7-452E-996C-E8091343C65D}.Debug|Any CPU.ActiveCfg = Debug|Any CPU
		{1F2E6C68-5FE7-452E-996C-E8091343C65D}.Debug|Any CPU.Build.0 = Debug|Any CPU
		{1F2E6C68-5FE7-452E-996C-E8091343C65D}.Debug|x64.ActiveCfg = Debug|Any CPU
		{1F2E6C68-5FE7-452E-996C-E8091343C65D}.Debug|x64.Build.0 = Debug|Any CPU
		{1F2E6C68-5FE7-452E-996C-E8091343C65D}.Debug|x86.ActiveCfg = Debug|Any CPU
		{1F2E6C68-5FE7-452E-996C-E8091343C65D}.Debug|x86.Build.0 = Debug|Any CPU
		{1F2E6C68-5FE7-452E-996C-E8091343C65D}.Release|Any CPU.ActiveCfg = Release|Any CPU
		{1F2E6C68-5FE7-452E-996C-E8091343C65D}.Release|Any CPU.Build.0 = Release|Any CPU
		{1F2E6C68-5FE7-452E-996C-E8091343C65D}.Release|x64.ActiveCfg = Release|Any CPU
		{1F2E6C68-5FE7-452E-996C-E8091343C65D}.Release|x64.Build.0 = Release|Any CPU
		{1F2E6C68-5FE7-452E-996C-E8091343C65D}.Release|x86.ActiveCfg = Release|Any CPU
		{1F2E6C68-5FE7-452E-996C-E8091343C65D}.Release|x86.Build.0 = Release|Any CPU
		{50B6E910-F9EC-4BBB-9FA4-DA4E7A092D19}.Debug|Any CPU.ActiveCfg = Debug|Any CPU
		{50B6E910-F9EC-4BBB-9FA4-DA4E7A092D19}.Debug|Any CPU.Build.0 = Debug|Any CPU
		{50B6E910-F9EC-4BBB-9FA4-DA4E7A092D19}.Debug|x64.ActiveCfg = Debug|Any CPU
		{50B6E910-F9EC-4BBB-9FA4-DA4E7A092D19}.Debug|x64.Build.0 = Debug|Any CPU
		{50B6E910-F9EC-4BBB-9FA4-DA4E7A092D19}.Debug|x86.ActiveCfg = Debug|Any CPU
		{50B6E910-F9EC-4BBB-9FA4-DA4E7A092D19}.Debug|x86.Build.0 = Debug|Any CPU
		{50B6E910-F9EC-4BBB-9FA4-DA4E7A092D19}.Release|Any CPU.ActiveCfg = Release|Any CPU
		{50B6E910-F9EC-4BBB-9FA4-DA4E7A092D19}.Release|Any CPU.Build.0 = Release|Any CPU
		{50B6E910-F9EC-4BBB-9FA4-DA4E7A092D19}.Release|x64.ActiveCfg = Release|Any CPU
		{50B6E910-F9EC-4BBB-9FA4-DA4E7A092D19}.Release|x64.Build.0 = Release|Any CPU
		{50B6E910-F9EC-4BBB-9FA4-DA4E7A092D19}.Release|x86.ActiveCfg = Release|Any CPU
		{50B6E910-F9EC-4BBB-9FA4-DA4E7A092D19}.Release|x86.Build.0 = Release|Any CPU
		{472D34F0-815E-4BEB-AFDF-307220524B8D}.Debug|Any CPU.ActiveCfg = Debug|Any CPU
		{472D34F0-815E-4BEB-AFDF-307220524B8D}.Debug|Any CPU.Build.0 = Debug|Any CPU
		{472D34F0-815E-4BEB-AFDF-307220524B8D}.Debug|x64.ActiveCfg = Debug|Any CPU
		{472D34F0-815E-4BEB-AFDF-307220524B8D}.Debug|x64.Build.0 = Debug|Any CPU
		{472D34F0-815E-4BEB-AFDF-307220524B8D}.Debug|x86.ActiveCfg = Debug|Any CPU
		{472D34F0-815E-4BEB-AFDF-307220524B8D}.Debug|x86.Build.0 = Debug|Any CPU
		{472D34F0-815E-4BEB-AFDF-307220524B8D}.Release|Any CPU.ActiveCfg = Release|Any CPU
		{472D34F0-815E-4BEB-AFDF-307220524B8D}.Release|Any CPU.Build.0 = Release|Any CPU
		{472D34F0-815E-4BEB-AFDF-307220524B8D}.Release|x64.ActiveCfg = Release|Any CPU
		{472D34F0-815E-4BEB-AFDF-307220524B8D}.Release|x64.Build.0 = Release|Any CPU
		{472D34F0-815E-4BEB-AFDF-307220524B8D}.Release|x86.ActiveCfg = Release|Any CPU
		{472D34F0-815E-4BEB-AFDF-307220524B8D}.Release|x86.Build.0 = Release|Any CPU
		{9335F6AE-4845-4D17-9E2D-9B3CA048E471}.Debug|Any CPU.ActiveCfg = Debug|Any CPU
		{9335F6AE-4845-4D17-9E2D-9B3CA048E471}.Debug|Any CPU.Build.0 = Debug|Any CPU
		{9335F6AE-4845-4D17-9E2D-9B3CA048E471}.Debug|x64.ActiveCfg = Debug|Any CPU
		{9335F6AE-4845-4D17-9E2D-9B3CA048E471}.Debug|x64.Build.0 = Debug|Any CPU
		{9335F6AE-4845-4D17-9E2D-9B3CA048E471}.Debug|x86.ActiveCfg = Debug|Any CPU
		{9335F6AE-4845-4D17-9E2D-9B3CA048E471}.Debug|x86.Build.0 = Debug|Any CPU
		{9335F6AE-4845-4D17-9E2D-9B3CA048E471}.Release|Any CPU.ActiveCfg = Release|Any CPU
		{9335F6AE-4845-4D17-9E2D-9B3CA048E471}.Release|Any CPU.Build.0 = Release|Any CPU
		{9335F6AE-4845-4D17-9E2D-9B3CA048E471}.Release|x64.ActiveCfg = Release|Any CPU
		{9335F6AE-4845-4D17-9E2D-9B3CA048E471}.Release|x64.Build.0 = Release|Any CPU
		{9335F6AE-4845-4D17-9E2D-9B3CA048E471}.Release|x86.ActiveCfg = Release|Any CPU
		{9335F6AE-4845-4D17-9E2D-9B3CA048E471}.Release|x86.Build.0 = Release|Any CPU
		{C370E3A9-5C19-4230-AAD1-D5CB26F5B358}.Debug|Any CPU.ActiveCfg = Debug|Any CPU
		{C370E3A9-5C19-4230-AAD1-D5CB26F5B358}.Debug|Any CPU.Build.0 = Debug|Any CPU
		{C370E3A9-5C19-4230-AAD1-D5CB26F5B358}.Debug|x64.ActiveCfg = Debug|Any CPU
		{C370E3A9-5C19-4230-AAD1-D5CB26F5B358}.Debug|x64.Build.0 = Debug|Any CPU
		{C370E3A9-5C19-4230-AAD1-D5CB26F5B358}.Debug|x86.ActiveCfg = Debug|Any CPU
		{C370E3A9-5C19-4230-AAD1-D5CB26F5B358}.Debug|x86.Build.0 = Debug|Any CPU
		{C370E3A9-5C19-4230-AAD1-D5CB26F5B358}.Release|Any CPU.ActiveCfg = Release|Any CPU
		{C370E3A9-5C19-4230-AAD1-D5CB26F5B358}.Release|Any CPU.Build.0 = Release|Any CPU
		{C370E3A9-5C19-4230-AAD1-D5CB26F5B358}.Release|x64.ActiveCfg = Release|Any CPU
		{C370E3A9-5C19-4230-AAD1-D5CB26F5B358}.Release|x64.Build.0 = Release|Any CPU
		{C370E3A9-5C19-4230-AAD1-D5CB26F5B358}.Release|x86.ActiveCfg = Release|Any CPU
		{C370E3A9-5C19-4230-AAD1-D5CB26F5B358}.Release|x86.Build.0 = Release|Any CPU
	EndGlobalSection
	GlobalSection(SolutionProperties) = preSolution
		HideSolutionNode = FALSE
	EndGlobalSection
	GlobalSection(NestedProjects) = preSolution
		{EEDA9FC2-8781-4C4E-B9A4-A52162AB5979} = {827E0CD3-B72D-47B6-A68D-7590B98EB39B}
		{1F2E6C68-5FE7-452E-996C-E8091343C65D} = {827E0CD3-B72D-47B6-A68D-7590B98EB39B}
		{50B6E910-F9EC-4BBB-9FA4-DA4E7A092D19} = {0AB3BF05-4346-4AA6-1389-037BE0695223}
		{472D34F0-815E-4BEB-AFDF-307220524B8D} = {827E0CD3-B72D-47B6-A68D-7590B98EB39B}
		{9335F6AE-4845-4D17-9E2D-9B3CA048E471} = {827E0CD3-B72D-47B6-A68D-7590B98EB39B}
		{C370E3A9-5C19-4230-AAD1-D5CB26F5B358} = {827E0CD3-B72D-47B6-A68D-7590B98EB39B}
	EndGlobalSection
EndGlobal
